{
  "nodes": {
    "ags": {
      "inputs": {
        "astal": "astal",
        "nixpkgs": [
          "nixpkgs"
        ]
      },
      "locked": {
        "lastModified": 1738087375,
        "narHash": "sha256-GLyNtU9A2VN22jNRHZ2OXuFfTJLh8uEVVt+ftsKUX0c=",
        "owner": "Aylur",
        "repo": "ags",
        "rev": "a6a7a0adb17740f4c34a59902701870d46fbb6a4",
        "type": "github"
      },
      "original": {
        "owner": "Aylur",
        "ref": "v2.3.0",
        "repo": "ags",
        "type": "github"
      }
    },
    "aquamarine": {
      "inputs": {
        "hyprutils": [
          "hyprland",
          "hyprutils"
        ],
        "hyprwayland-scanner": [
          "hyprland",
          "hyprwayland-scanner"
        ],
        "nixpkgs": [
          "hyprland",
          "nixpkgs"
        ],
        "systems": [
          "hyprland",
          "systems"
        ]
      },
      "locked": {
        "lastModified": 1755946532,
        "narHash": "sha256-POePremlUY5GyA1zfbtic6XLxDaQcqHN6l+bIxdT5gc=",
        "owner": "hyprwm",
        "repo": "aquamarine",
        "rev": "81584dae2df6ac79f6b6dae0ecb7705e95129ada",
        "type": "github"
      },
      "original": {
        "owner": "hyprwm",
        "repo": "aquamarine",
        "type": "github"
      }
    },
    "astal": {
      "inputs": {
        "nixpkgs": [
          "ags",
          "nixpkgs"
        ]
      },
      "locked": {
        "lastModified": 1737670815,
        "narHash": "sha256-ZCxxshGN7XooabArcoGkYSNx5yVunqjKJi2aTv6cznI=",
        "owner": "aylur",
        "repo": "astal",
        "rev": "127e9cdcbf173846a3c40ddc0abfbb038df48042",
        "type": "github"
      },
      "original": {
        "owner": "aylur",
        "repo": "astal",
        "type": "github"
      }
    },
    "catppuccin": {
      "inputs": {
        "nixpkgs": "nixpkgs"
      },
      "locked": {
        "lastModified": 1756365413,
        "narHash": "sha256-rWJqnFNh+xAoXLPMOUWvb2jMUUgGs4PKI/p2lgUczBA=",
        "owner": "catppuccin",
        "repo": "nix",
        "rev": "842da43be0d00d7cf4c26faf279bc71a614c259b",
        "type": "github"
      },
      "original": {
        "owner": "catppuccin",
        "repo": "nix",
        "type": "github"
      }
    },
    "emacs-overlay": {
      "inputs": {
        "nixpkgs": [
          "nixpkgs"
        ],
        "nixpkgs-stable": [
          "nixpkgs-stable"
        ]
      },
      "locked": {
        "lastModified": 1756431066,
        "narHash": "sha256-quxhuZy/ZzoZH+hZx4BmOc8KrdqHD479dVmPxGIy1PA=",
        "owner": "nix-community",
        "repo": "emacs-overlay",
        "rev": "ed41a1871addef809f6b87845ee6c576e2a23b1a",
        "type": "github"
      },
      "original": {
        "owner": "nix-community",
        "repo": "emacs-overlay",
        "type": "github"
      }
    },
    "firefox": {
      "inputs": {
        "flake-compat": "flake-compat",
        "lib-aggregate": "lib-aggregate",
        "nixpkgs": [
          "nixpkgs"
        ]
      },
      "locked": {
        "lastModified": 1756430093,
        "narHash": "sha256-fSsLnSltai1RSzZa08uvBi50eAZv1okqqSLSAiPCobY=",
        "owner": "nix-community",
        "repo": "flake-firefox-nightly",
        "rev": "c4cfa496281f0e968bd852cd567ee8d6b853015c",
        "type": "github"
      },
      "original": {
        "owner": "nix-community",
        "repo": "flake-firefox-nightly",
        "type": "github"
      }
    },
    "flake-compat": {
      "locked": {
        "lastModified": 1746162366,
        "narHash": "sha256-5SSSZ/oQkwfcAz/o/6TlejlVGqeK08wyREBQ5qFFPhM=",
        "owner": "nix-community",
        "repo": "flake-compat",
        "rev": "0f158086a2ecdbb138cd0429410e44994f1b7e4b",
        "type": "github"
      },
      "original": {
        "owner": "nix-community",
        "repo": "flake-compat",
        "type": "github"
      }
    },
    "flake-compat_2": {
      "flake": false,
      "locked": {
        "lastModified": 1747046372,
        "narHash": "sha256-CIVLLkVgvHYbgI2UpXvIIBJ12HWgX+fjA8Xf8PUmqCY=",
        "owner": "edolstra",
        "repo": "flake-compat",
        "rev": "9100a0f413b0c601e0533d1d94ffd501ce2e7885",
        "type": "github"
      },
      "original": {
        "owner": "edolstra",
        "repo": "flake-compat",
        "type": "github"
      }
    },
    "flake-compat_3": {
      "flake": false,
      "locked": {
        "lastModified": 1747046372,
        "narHash": "sha256-CIVLLkVgvHYbgI2UpXvIIBJ12HWgX+fjA8Xf8PUmqCY=",
        "owner": "edolstra",
        "repo": "flake-compat",
        "rev": "9100a0f413b0c601e0533d1d94ffd501ce2e7885",
        "type": "github"
      },
      "original": {
        "owner": "edolstra",
        "repo": "flake-compat",
        "type": "github"
      }
    },
    "flake-utils": {
      "inputs": {
        "systems": "systems"
      },
      "locked": {
        "lastModified": 1731533236,
        "narHash": "sha256-l0KFg5HjrsfsO/JpG+r7fRrqm12kzFHyUHqHCVpMMbI=",
        "owner": "numtide",
        "repo": "flake-utils",
        "rev": "11707dc2f618dd54ca8739b309ec4fc024de578b",
        "type": "github"
      },
      "original": {
        "owner": "numtide",
        "repo": "flake-utils",
        "type": "github"
      }
    },
    "gitignore": {
      "inputs": {
        "nixpkgs": [
          "hyprland",
          "pre-commit-hooks",
          "nixpkgs"
        ]
      },
      "locked": {
        "lastModified": 1709087332,
        "narHash": "sha256-HG2cCnktfHsKV0s4XW83gU3F57gaTljL9KNSuG6bnQs=",
        "owner": "hercules-ci",
        "repo": "gitignore.nix",
        "rev": "637db329424fd7e46cf4185293b9cc8c88c95394",
        "type": "github"
      },
      "original": {
        "owner": "hercules-ci",
        "repo": "gitignore.nix",
        "type": "github"
      }
    },
    "home-manager": {
      "inputs": {
        "nixpkgs": [
          "nixpkgs"
        ]
      },
      "locked": {
        "lastModified": 1756261190,
        "narHash": "sha256-eiy0klFK5EVJLNilutR7grsZN/7Itj9DyD75eyOf83k=",
        "owner": "nix-community",
        "repo": "home-manager",
        "rev": "77f348da3176dc68b20a73dab94852a417daf361",
        "type": "github"
      },
      "original": {
        "owner": "nix-community",
        "repo": "home-manager",
        "type": "github"
      }
    },
    "hyprcursor": {
      "inputs": {
        "hyprlang": [
          "hyprland",
          "hyprlang"
        ],
        "nixpkgs": [
          "hyprland",
          "nixpkgs"
        ],
        "systems": [
          "hyprland",
          "systems"
        ]
      },
      "locked": {
        "lastModified": 1753964049,
        "narHash": "sha256-lIqabfBY7z/OANxHoPeIrDJrFyYy9jAM4GQLzZ2feCM=",
        "owner": "hyprwm",
        "repo": "hyprcursor",
        "rev": "44e91d467bdad8dcf8bbd2ac7cf49972540980a5",
        "type": "github"
      },
      "original": {
        "owner": "hyprwm",
        "repo": "hyprcursor",
        "type": "github"
      }
    },
    "hyprgraphics": {
      "inputs": {
        "hyprutils": [
          "hyprland",
          "hyprutils"
        ],
        "nixpkgs": [
          "hyprland",
          "nixpkgs"
        ],
        "systems": [
          "hyprland",
          "systems"
        ]
      },
      "locked": {
        "lastModified": 1755678602,
        "narHash": "sha256-uEC5O/NIUNs1zmc1aH1+G3GRACbODjk2iS0ET5hXtuk=",
        "owner": "hyprwm",
        "repo": "hyprgraphics",
        "rev": "157cc52065a104fc3b8fa542ae648b992421d1c7",
        "type": "github"
      },
      "original": {
        "owner": "hyprwm",
        "repo": "hyprgraphics",
        "type": "github"
      }
    },
    "hyprland": {
      "inputs": {
        "aquamarine": "aquamarine",
        "hyprcursor": "hyprcursor",
        "hyprgraphics": "hyprgraphics",
        "hyprland-protocols": "hyprland-protocols",
        "hyprland-qtutils": "hyprland-qtutils",
        "hyprlang": "hyprlang",
        "hyprutils": "hyprutils",
        "hyprwayland-scanner": "hyprwayland-scanner",
        "nixpkgs": [
          "nixpkgs"
        ],
        "pre-commit-hooks": "pre-commit-hooks",
        "systems": "systems_2",
        "xdph": "xdph"
      },
      "locked": {
        "lastModified": 1756372920,
        "narHash": "sha256-dPvJtc+YqUZ0CQao0DtOH5eF33YWPnpu2SP+ce5H7zU=",
        "ref": "refs/heads/main",
        "rev": "4b2bfbd85f1ea77a165d9ba92d62016cdf3abfcd",
        "revCount": 6398,
        "submodules": true,
        "type": "git",
        "url": "https://github.com/hyprwm/Hyprland"
      },
      "original": {
        "submodules": true,
        "type": "git",
        "url": "https://github.com/hyprwm/Hyprland"
      }
    },
    "hyprland-contrib": {
      "inputs": {
        "nixpkgs": [
          "nixpkgs"
        ]
      },
      "locked": {
        "lastModified": 1755680610,
        "narHash": "sha256-g7/g5o0spemkZCzPa8I21RgCmN0Kv41B5z9Z5HQWraY=",
        "owner": "hyprwm",
        "repo": "contrib",
        "rev": "04721247f417256ca96acf28cdfe946cf1006263",
        "type": "github"
      },
      "original": {
        "owner": "hyprwm",
        "repo": "contrib",
        "type": "github"
      }
    },
    "hyprland-plugins": {
      "inputs": {
        "hyprland": [
          "hyprland"
        ],
        "nixpkgs": [
          "nixpkgs"
        ],
        "systems": [
          "hyprland-plugins",
          "hyprland",
          "systems"
        ]
      },
      "locked": {
        "lastModified": 1756325158,
        "narHash": "sha256-aJ9jAYtZ64MWBpWPfH1q+t6U9b6kJWc2yK9Vrlj6fZY=",
        "owner": "hyprwm",
        "repo": "hyprland-plugins",
        "rev": "bf843fc6adf90d43a5dd7742e9df61d395ba780d",
        "type": "github"
      },
      "original": {
        "owner": "hyprwm",
        "repo": "hyprland-plugins",
        "type": "github"
      }
    },
    "hyprland-protocols": {
      "inputs": {
        "nixpkgs": [
          "hyprland",
          "nixpkgs"
        ],
        "systems": [
          "hyprland",
          "systems"
        ]
      },
      "locked": {
        "lastModified": 1749046714,
        "narHash": "sha256-kymV5FMnddYGI+UjwIw8ceDjdeg7ToDVjbHCvUlhn14=",
        "owner": "hyprwm",
        "repo": "hyprland-protocols",
        "rev": "613878cb6f459c5e323aaafe1e6f388ac8a36330",
        "type": "github"
      },
      "original": {
        "owner": "hyprwm",
        "repo": "hyprland-protocols",
        "type": "github"
      }
    },
    "hyprland-qt-support": {
      "inputs": {
        "hyprlang": [
          "hyprland",
          "hyprland-qtutils",
          "hyprlang"
        ],
        "nixpkgs": [
          "hyprland",
          "hyprland-qtutils",
          "nixpkgs"
        ],
        "systems": [
          "hyprland",
          "hyprland-qtutils",
          "systems"
        ]
      },
      "locked": {
        "lastModified": 1749154592,
        "narHash": "sha256-DO7z5CeT/ddSGDEnK9mAXm1qlGL47L3VAHLlLXoCjhE=",
        "owner": "hyprwm",
        "repo": "hyprland-qt-support",
        "rev": "4c8053c3c888138a30c3a6c45c2e45f5484f2074",
        "type": "github"
      },
      "original": {
        "owner": "hyprwm",
        "repo": "hyprland-qt-support",
        "type": "github"
      }
    },
    "hyprland-qtutils": {
      "inputs": {
        "hyprland-qt-support": "hyprland-qt-support",
        "hyprlang": [
          "hyprland",
          "hyprlang"
        ],
        "hyprutils": [
          "hyprland",
          "hyprland-qtutils",
          "hyprlang",
          "hyprutils"
        ],
        "nixpkgs": [
          "hyprland",
          "nixpkgs"
        ],
        "systems": [
          "hyprland",
          "systems"
        ]
      },
      "locked": {
        "lastModified": 1753819801,
        "narHash": "sha256-tHe6XeNeVeKapkNM3tcjW4RuD+tB2iwwoogWJOtsqTI=",
        "owner": "hyprwm",
        "repo": "hyprland-qtutils",
        "rev": "b308a818b9dcaa7ab8ccab891c1b84ebde2152bc",
        "type": "github"
      },
      "original": {
        "owner": "hyprwm",
        "repo": "hyprland-qtutils",
        "type": "github"
      }
    },
    "hyprlang": {
      "inputs": {
        "hyprutils": [
          "hyprland",
          "hyprutils"
        ],
        "nixpkgs": [
          "hyprland",
          "nixpkgs"
        ],
        "systems": [
          "hyprland",
          "systems"
        ]
      },
      "locked": {
        "lastModified": 1753622892,
        "narHash": "sha256-0K+A+gmOI8IklSg5It1nyRNv0kCNL51duwnhUO/B8JA=",
        "owner": "hyprwm",
        "repo": "hyprlang",
        "rev": "23f0debd2003f17bd65f851cd3f930cff8a8c809",
        "type": "github"
      },
      "original": {
        "owner": "hyprwm",
        "repo": "hyprlang",
        "type": "github"
      }
    },
    "hyprpicker": {
      "inputs": {
        "hyprutils": "hyprutils_2",
        "hyprwayland-scanner": "hyprwayland-scanner_2",
        "nixpkgs": [
          "nixpkgs"
        ],
        "systems": "systems_3"
      },
      "locked": {
        "lastModified": 1750371999,
        "narHash": "sha256-de87tFOEhJiXTHNzG3LcwxGR1a/D6v+nC+9+V1GW1Zs=",
        "owner": "hyprwm",
        "repo": "hyprpicker",
        "rev": "d6a1363a86cd99460f0020134e455d921e8bacd8",
        "type": "github"
      },
      "original": {
        "owner": "hyprwm",
        "repo": "hyprpicker",
        "type": "github"
      }
    },
    "hyprutils": {
      "inputs": {
        "nixpkgs": [
          "hyprland",
          "nixpkgs"
        ],
        "systems": [
          "hyprland",
          "systems"
        ]
      },
      "locked": {
        "lastModified": 1756117388,
        "narHash": "sha256-oRDel6pNl/T2tI+nc/USU9ZP9w08dxtl7hiZxa0C/Wc=",
        "owner": "hyprwm",
        "repo": "hyprutils",
        "rev": "b2ae3204845f5f2f79b4703b441252d8ad2ecfd0",
        "type": "github"
      },
      "original": {
        "owner": "hyprwm",
        "repo": "hyprutils",
        "type": "github"
      }
    },
    "hyprutils_2": {
      "inputs": {
        "nixpkgs": [
          "hyprpicker",
          "nixpkgs"
        ],
        "systems": [
          "hyprpicker",
          "systems"
        ]
      },
      "locked": {
        "lastModified": 1749135356,
        "narHash": "sha256-Q8mAKMDsFbCEuq7zoSlcTuxgbIBVhfIYpX0RjE32PS0=",
        "owner": "hyprwm",
        "repo": "hyprutils",
        "rev": "e36db00dfb3a3d3fdcc4069cb292ff60d2699ccb",
        "type": "github"
      },
      "original": {
        "owner": "hyprwm",
        "repo": "hyprutils",
        "type": "github"
      }
    },
    "hyprwayland-scanner": {
      "inputs": {
        "nixpkgs": [
          "hyprland",
          "nixpkgs"
        ],
        "systems": [
          "hyprland",
          "systems"
        ]
      },
      "locked": {
        "lastModified": 1755184602,
        "narHash": "sha256-RCBQN8xuADB0LEgaKbfRqwm6CdyopE1xIEhNc67FAbw=",
        "owner": "hyprwm",
        "repo": "hyprwayland-scanner",
        "rev": "b3b0f1f40ae09d4447c20608e5a4faf8bf3c492d",
        "type": "github"
      },
      "original": {
        "owner": "hyprwm",
        "repo": "hyprwayland-scanner",
        "type": "github"
      }
    },
    "hyprwayland-scanner_2": {
      "inputs": {
        "nixpkgs": [
          "hyprpicker",
          "nixpkgs"
        ],
        "systems": [
          "hyprpicker",
          "systems"
        ]
      },
      "locked": {
        "lastModified": 1749145760,
        "narHash": "sha256-IHaGWpGrv7seFWdw/1A+wHtTsPlOGIKMrk1TUIYJEFI=",
        "owner": "hyprwm",
        "repo": "hyprwayland-scanner",
        "rev": "817918315ea016cc2d94004bfb3223b5fd9dfcc6",
        "type": "github"
      },
      "original": {
        "owner": "hyprwm",
        "repo": "hyprwayland-scanner",
        "type": "github"
      }
    },
    "lib-aggregate": {
      "inputs": {
        "flake-utils": "flake-utils",
        "nixpkgs-lib": "nixpkgs-lib"
      },
      "locked": {
        "lastModified": 1754828166,
        "narHash": "sha256-i7c+fpXVsnvj2+63Gl3YfU1hVyxbLeqeFj55ZBZACWI=",
        "owner": "nix-community",
        "repo": "lib-aggregate",
        "rev": "f01c8d121a3100230612be96e4ac668e15eafb77",
        "type": "github"
      },
      "original": {
        "owner": "nix-community",
        "repo": "lib-aggregate",
        "type": "github"
      }
    },
    "nixpkgs": {
      "locked": {
        "lastModified": 1755615617,
        "narHash": "sha256-HMwfAJBdrr8wXAkbGhtcby1zGFvs+StOp19xNsbqdOg=",
        "owner": "NixOS",
        "repo": "nixpkgs",
        "rev": "20075955deac2583bb12f07151c2df830ef346b4",
        "type": "github"
      },
      "original": {
        "owner": "NixOS",
        "ref": "nixos-unstable",
        "repo": "nixpkgs",
        "type": "github"
      }
    },
    "nixpkgs-lib": {
      "locked": {
        "lastModified": 1754788789,
        "narHash": "sha256-x2rJ+Ovzq0sCMpgfgGaaqgBSwY+LST+WbZ6TytnT9Rk=",
        "owner": "nix-community",
        "repo": "nixpkgs.lib",
        "rev": "a73b9c743612e4244d865a2fdee11865283c04e6",
        "type": "github"
      },
      "original": {
        "owner": "nix-community",
        "repo": "nixpkgs.lib",
        "type": "github"
      }
    },
    "nixpkgs-stable": {
      "locked": {
        "lastModified": 1720535198,
        "narHash": "sha256-zwVvxrdIzralnSbcpghA92tWu2DV2lwv89xZc8MTrbg=",
        "owner": "NixOS",
        "repo": "nixpkgs",
        "rev": "205fd4226592cc83fd4c0885a3e4c9c400efabb5",
        "type": "github"
      },
      "original": {
        "owner": "NixOS",
        "ref": "nixos-23.11",
        "repo": "nixpkgs",
        "type": "github"
      }
    },
    "nixpkgs_2": {
      "locked": {
        "lastModified": 1756266583,
        "narHash": "sha256-cr748nSmpfvnhqSXPiCfUPxRz2FJnvf/RjJGvFfaCsM=",
        "owner": "NixOS",
        "repo": "nixpkgs",
        "rev": "8a6d5427d99ec71c64f0b93d45778c889005d9c2",
        "type": "github"
      },
      "original": {
        "owner": "NixOS",
        "ref": "nixos-unstable",
        "repo": "nixpkgs",
        "type": "github"
      }
    },
    "pre-commit-hooks": {
      "inputs": {
        "flake-compat": "flake-compat_2",
        "gitignore": "gitignore",
        "nixpkgs": [
          "hyprland",
          "nixpkgs"
        ]
      },
      "locked": {
        "lastModified": 1755960406,
        "narHash": "sha256-RF7j6C1TmSTK9tYWO6CdEMtg6XZaUKcvZwOCD2SICZs=",
        "owner": "cachix",
        "repo": "git-hooks.nix",
        "rev": "e891a93b193fcaf2fc8012d890dc7f0befe86ec2",
        "type": "github"
      },
      "original": {
        "owner": "cachix",
        "repo": "git-hooks.nix",
        "type": "github"
      }
    },
    "root": {
      "inputs": {
        "ags": "ags",
        "catppuccin": "catppuccin",
        "emacs-overlay": "emacs-overlay",
        "firefox": "firefox",
        "home-manager": "home-manager",
        "hyprland": "hyprland",
        "hyprland-contrib": "hyprland-contrib",
        "hyprland-plugins": "hyprland-plugins",
        "hyprpicker": "hyprpicker",
        "nixpkgs": "nixpkgs_2",
        "nixpkgs-stable": "nixpkgs-stable",
        "sops-nix": "sops-nix",
        "swww": "swww",
        "zen-browser": "zen-browser"
      }
    },
    "rust-overlay": {
      "inputs": {
        "nixpkgs": [
          "swww",
          "nixpkgs"
        ]
      },
      "locked": {
        "lastModified": 1753930086,
        "narHash": "sha256-Os6Ta5zamfAllmQNlvkbGZLHn06zJy3hVXRk+Dy2yMo=",
        "owner": "oxalica",
        "repo": "rust-overlay",
        "rev": "17b672c10c1798696a516cb879edbc2ebd0f58a4",
        "type": "github"
      },
      "original": {
        "owner": "oxalica",
        "repo": "rust-overlay",
        "type": "github"
      }
    },
    "sops-nix": {
      "inputs": {
        "nixpkgs": [
          "nixpkgs"
        ]
      },
      "locked": {
        "lastModified": 1754988908,
        "narHash": "sha256-t+voe2961vCgrzPFtZxha0/kmFSHFobzF00sT8p9h0U=",
        "owner": "Mic92",
        "repo": "sops-nix",
        "rev": "3223c7a92724b5d804e9988c6b447a0d09017d48",
        "type": "github"
      },
      "original": {
        "owner": "Mic92",
        "repo": "sops-nix",
        "type": "github"
      }
    },
    "swww": {
      "inputs": {
        "flake-compat": "flake-compat_3",
        "nixpkgs": [
          "nixpkgs"
        ],
        "rust-overlay": "rust-overlay"
      },
      "locked": {
        "lastModified": 1756394474,
        "narHash": "sha256-2l4aRPZ34ZgQlqg1Vn+IQf1vDCGV8k+LJWCBpvSPDoY=",
        "owner": "LGFae",
        "repo": "swww",
        "rev": "b1348095241d385e70ec402a25af3578c6a0321e",
        "type": "github"
      },
      "original": {
        "owner": "LGFae",
        "repo": "swww",
        "type": "github"
      }
    },
    "systems": {
      "locked": {
        "lastModified": 1681028828,
        "narHash": "sha256-Vy1rq5AaRuLzOxct8nz4T6wlgyUR7zLU309k9mBC768=",
        "owner": "nix-systems",
        "repo": "default",
        "rev": "da67096a3b9bf56a91d16901293e51ba5b49a27e",
        "type": "github"
      },
      "original": {
        "owner": "nix-systems",
        "repo": "default",
        "type": "github"
      }
    },
    "systems_2": {
      "locked": {
        "lastModified": 1689347949,
        "narHash": "sha256-12tWmuL2zgBgZkdoB6qXZsgJEH9LR3oUgpaQq2RbI80=",
        "owner": "nix-systems",
        "repo": "default-linux",
        "rev": "31732fcf5e8fea42e59c2488ad31a0e651500f68",
        "type": "github"
      },
      "original": {
        "owner": "nix-systems",
        "repo": "default-linux",
        "type": "github"
      }
    },
    "systems_3": {
      "locked": {
        "lastModified": 1689347949,
        "narHash": "sha256-12tWmuL2zgBgZkdoB6qXZsgJEH9LR3oUgpaQq2RbI80=",
        "owner": "nix-systems",
        "repo": "default-linux",
        "rev": "31732fcf5e8fea42e59c2488ad31a0e651500f68",
        "type": "github"
      },
      "original": {
        "owner": "nix-systems",
        "repo": "default-linux",
        "type": "github"
      }
    },
    "xdph": {
      "inputs": {
        "hyprland-protocols": [
          "hyprland",
          "hyprland-protocols"
        ],
        "hyprlang": [
          "hyprland",
          "hyprlang"
        ],
        "hyprutils": [
          "hyprland",
          "hyprutils"
        ],
        "hyprwayland-scanner": [
          "hyprland",
          "hyprwayland-scanner"
        ],
        "nixpkgs": [
          "hyprland",
          "nixpkgs"
        ],
        "systems": [
          "hyprland",
          "systems"
        ]
      },
      "locked": {
        "lastModified": 1755354946,
        "narHash": "sha256-zdov5f/GcoLQc9qYIS1dUTqtJMeDqmBmo59PAxze6e4=",
        "owner": "hyprwm",
        "repo": "xdg-desktop-portal-hyprland",
        "rev": "a10726d6a8d0ef1a0c645378f983b6278c42eaa0",
        "type": "github"
      },
      "original": {
        "owner": "hyprwm",
        "repo": "xdg-desktop-portal-hyprland",
        "type": "github"
      }
    },
    "zen-browser": {
      "inputs": {
        "nixpkgs": [
          "nixpkgs"
        ]
      },
      "locked": {
        "lastModified": 1756353972,
        "narHash": "sha256-P9hg2Rx9+YDIIkJFheWdr7aK8ZC17BC5KTWwJug940c=",
        "owner": "youwen5",
        "repo": "zen-browser-flake",
        "rev": "f7f5f04418b7c8d24046ef53e2d1d2f4d891309c",
        "type": "github"
      },
      "original": {
        "owner": "youwen5",
        "repo": "zen-browser-flake",
        "type": "github"
      }
    }
  },
  "root": "root",
  "version": 7
}
