{
  "nodes": {
    "ags": {
      "inputs": {
        "astal": "astal",
        "nixpkgs": [
          "nixpkgs"
        ]
      },
      "locked": {
        "lastModified": 1738087375,
        "narHash": "sha256-GLyNtU9A2VN22jNRHZ2OXuFfTJLh8uEVVt+ftsKUX0c=",
        "owner": "Aylur",
        "repo": "ags",
        "rev": "a6a7a0adb17740f4c34a59902701870d46fbb6a4",
        "type": "github"
      },
      "original": {
        "owner": "Aylur",
        "ref": "v2.3.0",
        "repo": "ags",
        "type": "github"
      }
    },
    "aquamarine": {
      "inputs": {
        "hyprutils": [
          "hyprland",
          "hyprutils"
        ],
        "hyprwayland-scanner": [
          "hyprland",
          "hyprwayland-scanner"
        ],
        "nixpkgs": [
          "hyprland",
          "nixpkgs"
        ],
        "systems": [
          "hyprland",
          "systems"
        ]
      },
      "locked": {
        "lastModified": 1750974272,
        "narHash": "sha256-VaeQzSzekMvP+/OhwNZP4kzs4paWk5+20N0MFLTn+cs=",
        "owner": "hyprwm",
        "repo": "aquamarine",
        "rev": "dd921421391e75793d0cc674dc15eca16b46a089",
        "type": "github"
      },
      "original": {
        "owner": "hyprwm",
        "repo": "aquamarine",
        "type": "github"
      }
    },
    "astal": {
      "inputs": {
        "nixpkgs": [
          "ags",
          "nixpkgs"
        ]
      },
      "locked": {
        "lastModified": 1737670815,
        "narHash": "sha256-ZCxxshGN7XooabArcoGkYSNx5yVunqjKJi2aTv6cznI=",
        "owner": "aylur",
        "repo": "astal",
        "rev": "127e9cdcbf173846a3c40ddc0abfbb038df48042",
        "type": "github"
      },
      "original": {
        "owner": "aylur",
        "repo": "astal",
        "type": "github"
      }
    },
    "catppuccin": {
      "inputs": {
        "nixpkgs": "nixpkgs"
      },
      "locked": {
        "lastModified": 1751463132,
        "narHash": "sha256-eKbIZwTsl+Rbkj4coSZETlcTbmVbegN1nCKJ7059p88=",
        "owner": "catppuccin",
        "repo": "nix",
        "rev": "a682f7033678ea093c42c5e361975af5988aa3de",
        "type": "github"
      },
      "original": {
        "owner": "catppuccin",
        "repo": "nix",
        "type": "github"
      }
    },
    "emacs-overlay": {
      "inputs": {
        "nixpkgs": [
          "nixpkgs"
        ],
        "nixpkgs-stable": [
          "nixpkgs-stable"
        ]
      },
      "locked": {
        "lastModified": 1751447566,
        "narHash": "sha256-PD6SIXio6A44d0BjfUYPUyC9SyHnGcQP5N/ceoGJsno=",
        "owner": "nix-community",
        "repo": "emacs-overlay",
        "rev": "6b5c9e8d4cfe157a398aedf877ad6fbb71c6bca6",
        "type": "github"
      },
      "original": {
        "owner": "nix-community",
        "repo": "emacs-overlay",
        "type": "github"
      }
    },
    "firefox": {
      "inputs": {
        "flake-compat": "flake-compat",
        "lib-aggregate": "lib-aggregate",
        "nixpkgs": [
          "nixpkgs"
        ]
      },
      "locked": {
        "lastModified": 1751469761,
        "narHash": "sha256-h94gwYcmjOSMubEz2QMSHg31BuIHvBP7s94inbE409w=",
        "owner": "nix-community",
        "repo": "flake-firefox-nightly",
        "rev": "c7cd15de9ab70653988bfb1fe1a8a1ccf393bec5",
        "type": "github"
      },
      "original": {
        "owner": "nix-community",
        "repo": "flake-firefox-nightly",
        "type": "github"
      }
    },
    "flake-compat": {
      "locked": {
        "lastModified": 1746162366,
        "narHash": "sha256-5SSSZ/oQkwfcAz/o/6TlejlVGqeK08wyREBQ5qFFPhM=",
        "owner": "nix-community",
        "repo": "flake-compat",
        "rev": "0f158086a2ecdbb138cd0429410e44994f1b7e4b",
        "type": "github"
      },
      "original": {
        "owner": "nix-community",
        "repo": "flake-compat",
        "type": "github"
      }
    },
    "flake-compat_2": {
      "flake": false,
      "locked": {
        "lastModified": 1696426674,
        "narHash": "sha256-kvjfFW7WAETZlt09AgDn1MrtKzP7t90Vf7vypd3OL1U=",
        "owner": "edolstra",
        "repo": "flake-compat",
        "rev": "0f9255e01c2351cc7d116c072cb317785dd33b33",
        "type": "github"
      },
      "original": {
        "owner": "edolstra",
        "repo": "flake-compat",
        "type": "github"
      }
    },
    "flake-compat_3": {
      "flake": false,
      "locked": {
        "lastModified": 1747046372,
        "narHash": "sha256-CIVLLkVgvHYbgI2UpXvIIBJ12HWgX+fjA8Xf8PUmqCY=",
        "owner": "edolstra",
        "repo": "flake-compat",
        "rev": "9100a0f413b0c601e0533d1d94ffd501ce2e7885",
        "type": "github"
      },
      "original": {
        "owner": "edolstra",
        "repo": "flake-compat",
        "type": "github"
      }
    },
    "flake-utils": {
      "inputs": {
        "systems": "systems"
      },
      "locked": {
        "lastModified": 1731533236,
        "narHash": "sha256-l0KFg5HjrsfsO/JpG+r7fRrqm12kzFHyUHqHCVpMMbI=",
        "owner": "numtide",
        "repo": "flake-utils",
        "rev": "11707dc2f618dd54ca8739b309ec4fc024de578b",
        "type": "github"
      },
      "original": {
        "owner": "numtide",
        "repo": "flake-utils",
        "type": "github"
      }
    },
    "gitignore": {
      "inputs": {
        "nixpkgs": [
          "hyprland",
          "pre-commit-hooks",
          "nixpkgs"
        ]
      },
      "locked": {
        "lastModified": 1709087332,
        "narHash": "sha256-HG2cCnktfHsKV0s4XW83gU3F57gaTljL9KNSuG6bnQs=",
        "owner": "hercules-ci",
        "repo": "gitignore.nix",
        "rev": "637db329424fd7e46cf4185293b9cc8c88c95394",
        "type": "github"
      },
      "original": {
        "owner": "hercules-ci",
        "repo": "gitignore.nix",
        "type": "github"
      }
    },
    "home-manager": {
      "inputs": {
        "nixpkgs": [
          "nixpkgs"
        ]
      },
      "locked": {
        "lastModified": 1751469941,
        "narHash": "sha256-ZIUkH4Djh1NUFQ0GnWCsw9HZBDcVgjvJASiTplMXEzc=",
        "owner": "nix-community",
        "repo": "home-manager",
        "rev": "7c455533409411b4053bb6d7db71eb35e0544254",
        "type": "github"
      },
      "original": {
        "owner": "nix-community",
        "repo": "home-manager",
        "type": "github"
      }
    },
    "hyprcursor": {
      "inputs": {
        "hyprlang": [
          "hyprland",
          "hyprlang"
        ],
        "nixpkgs": [
          "hyprland",
          "nixpkgs"
        ],
        "systems": [
          "hyprland",
          "systems"
        ]
      },
      "locked": {
        "lastModified": 1749155331,
        "narHash": "sha256-XR9fsI0zwLiFWfqi/pdS/VD+YNorKb3XIykgTg4l1nA=",
        "owner": "hyprwm",
        "repo": "hyprcursor",
        "rev": "45fcc10b4c282746d93ec406a740c43b48b4ef80",
        "type": "github"
      },
      "original": {
        "owner": "hyprwm",
        "repo": "hyprcursor",
        "type": "github"
      }
    },
    "hyprgraphics": {
      "inputs": {
        "hyprutils": [
          "hyprland",
          "hyprutils"
        ],
        "nixpkgs": [
          "hyprland",
          "nixpkgs"
        ],
        "systems": [
          "hyprland",
          "systems"
        ]
      },
      "locked": {
        "lastModified": 1750621377,
        "narHash": "sha256-8u6b5oAdX0rCuoR8wFenajBRmI+mzbpNig6hSCuWUzE=",
        "owner": "hyprwm",
        "repo": "hyprgraphics",
        "rev": "b3d628d01693fb9bb0a6690cd4e7b80abda04310",
        "type": "github"
      },
      "original": {
        "owner": "hyprwm",
        "repo": "hyprgraphics",
        "type": "github"
      }
    },
    "hyprland": {
      "inputs": {
        "aquamarine": "aquamarine",
        "hyprcursor": "hyprcursor",
        "hyprgraphics": "hyprgraphics",
        "hyprland-protocols": "hyprland-protocols",
        "hyprland-qtutils": "hyprland-qtutils",
        "hyprlang": "hyprlang",
        "hyprutils": "hyprutils",
        "hyprwayland-scanner": "hyprwayland-scanner",
        "nixpkgs": [
          "nixpkgs"
        ],
        "pre-commit-hooks": "pre-commit-hooks",
        "systems": "systems_2",
        "xdph": "xdph"
      },
      "locked": {
        "lastModified": 1751404714,
        "narHash": "sha256-U2EbKyeRJmJp54AxAt426vVdznrMkCgUiGuv0OSnPJs=",
        "ref": "refs/heads/main",
        "rev": "90c8609cbb5ae7b488d7b14b4dfb3ec9585ed2b7",
        "revCount": 6239,
        "submodules": true,
        "type": "git",
        "url": "https://github.com/hyprwm/Hyprland"
      },
      "original": {
        "submodules": true,
        "type": "git",
        "url": "https://github.com/hyprwm/Hyprland"
      }
    },
    "hyprland-contrib": {
      "inputs": {
        "nixpkgs": [
          "nixpkgs"
        ]
      },
      "locked": {
        "lastModified": 1750372088,
        "narHash": "sha256-LPwgPRBTfnA76rHUr7KYvwq2pNt5IfxymNAZUJFvn/M=",
        "owner": "hyprwm",
        "repo": "contrib",
        "rev": "189f32f56285aae9646bf1292976392beba5a2e2",
        "type": "github"
      },
      "original": {
        "owner": "hyprwm",
        "repo": "contrib",
        "type": "github"
      }
    },
    "hyprland-plugins": {
      "inputs": {
        "hyprland": [
          "hyprland"
        ],
        "nixpkgs": [
          "nixpkgs"
        ],
        "systems": [
          "hyprland-plugins",
          "hyprland",
          "systems"
        ]
      },
      "locked": {
        "lastModified": 1751468208,
        "narHash": "sha256-uiXSAUGGspLHo+EcQ50ozZIlBONx0Vzvv4KwbJ/wQ7w=",
        "owner": "hyprwm",
        "repo": "hyprland-plugins",
        "rev": "109c734f47c0a2c1d619001937a6c1d4ad806f2e",
        "type": "github"
      },
      "original": {
        "owner": "hyprwm",
        "repo": "hyprland-plugins",
        "type": "github"
      }
    },
    "hyprland-protocols": {
      "inputs": {
        "nixpkgs": [
          "hyprland",
          "nixpkgs"
        ],
        "systems": [
          "hyprland",
          "systems"
        ]
      },
      "locked": {
        "lastModified": 1749046714,
        "narHash": "sha256-kymV5FMnddYGI+UjwIw8ceDjdeg7ToDVjbHCvUlhn14=",
        "owner": "hyprwm",
        "repo": "hyprland-protocols",
        "rev": "613878cb6f459c5e323aaafe1e6f388ac8a36330",
        "type": "github"
      },
      "original": {
        "owner": "hyprwm",
        "repo": "hyprland-protocols",
        "type": "github"
      }
    },
    "hyprland-qt-support": {
      "inputs": {
        "hyprlang": [
          "hyprland",
          "hyprland-qtutils",
          "hyprlang"
        ],
        "nixpkgs": [
          "hyprland",
          "hyprland-qtutils",
          "nixpkgs"
        ],
        "systems": [
          "hyprland",
          "hyprland-qtutils",
          "systems"
        ]
      },
      "locked": {
        "lastModified": 1749154592,
        "narHash": "sha256-DO7z5CeT/ddSGDEnK9mAXm1qlGL47L3VAHLlLXoCjhE=",
        "owner": "hyprwm",
        "repo": "hyprland-qt-support",
        "rev": "4c8053c3c888138a30c3a6c45c2e45f5484f2074",
        "type": "github"
      },
      "original": {
        "owner": "hyprwm",
        "repo": "hyprland-qt-support",
        "type": "github"
      }
    },
    "hyprland-qtutils": {
      "inputs": {
        "hyprland-qt-support": "hyprland-qt-support",
        "hyprlang": [
          "hyprland",
          "hyprlang"
        ],
        "hyprutils": [
          "hyprland",
          "hyprland-qtutils",
          "hyprlang",
          "hyprutils"
        ],
        "nixpkgs": [
          "hyprland",
          "nixpkgs"
        ],
        "systems": [
          "hyprland",
          "systems"
        ]
      },
      "locked": {
        "lastModified": 1750371812,
        "narHash": "sha256-D868K1dVEACw17elVxRgXC6hOxY+54wIEjURztDWLk8=",
        "owner": "hyprwm",
        "repo": "hyprland-qtutils",
        "rev": "b13c7481e37856f322177010bdf75fccacd1adc8",
        "type": "github"
      },
      "original": {
        "owner": "hyprwm",
        "repo": "hyprland-qtutils",
        "type": "github"
      }
    },
    "hyprlang": {
      "inputs": {
        "hyprutils": [
          "hyprland",
          "hyprutils"
        ],
        "nixpkgs": [
          "hyprland",
          "nixpkgs"
        ],
        "systems": [
          "hyprland",
          "systems"
        ]
      },
      "locked": {
        "lastModified": 1750371198,
        "narHash": "sha256-/iuJ1paQOBoSLqHflRNNGyroqfF/yvPNurxzcCT0cAE=",
        "owner": "hyprwm",
        "repo": "hyprlang",
        "rev": "cee01452bca58d6cadb3224e21e370de8bc20f0b",
        "type": "github"
      },
      "original": {
        "owner": "hyprwm",
        "repo": "hyprlang",
        "type": "github"
      }
    },
    "hyprpicker": {
      "inputs": {
        "hyprutils": "hyprutils_2",
        "hyprwayland-scanner": "hyprwayland-scanner_2",
        "nixpkgs": [
          "nixpkgs"
        ],
        "systems": "systems_3"
      },
      "locked": {
        "lastModified": 1750371999,
        "narHash": "sha256-de87tFOEhJiXTHNzG3LcwxGR1a/D6v+nC+9+V1GW1Zs=",
        "owner": "hyprwm",
        "repo": "hyprpicker",
        "rev": "d6a1363a86cd99460f0020134e455d921e8bacd8",
        "type": "github"
      },
      "original": {
        "owner": "hyprwm",
        "repo": "hyprpicker",
        "type": "github"
      }
    },
    "hyprutils": {
      "inputs": {
        "nixpkgs": [
          "hyprland",
          "nixpkgs"
        ],
        "systems": [
          "hyprland",
          "systems"
        ]
      },
      "locked": {
        "lastModified": 1751061882,
        "narHash": "sha256-g9n8Vrbx+2JYM170P9BbvGHN39Wlkr4U+V2WLHQsXL8=",
        "owner": "hyprwm",
        "repo": "hyprutils",
        "rev": "4737241eaf8a1e51671a2a088518071f9a265cf4",
        "type": "github"
      },
      "original": {
        "owner": "hyprwm",
        "repo": "hyprutils",
        "type": "github"
      }
    },
    "hyprutils_2": {
      "inputs": {
        "nixpkgs": [
          "hyprpicker",
          "nixpkgs"
        ],
        "systems": [
          "hyprpicker",
          "systems"
        ]
      },
      "locked": {
        "lastModified": 1749135356,
        "narHash": "sha256-Q8mAKMDsFbCEuq7zoSlcTuxgbIBVhfIYpX0RjE32PS0=",
        "owner": "hyprwm",
        "repo": "hyprutils",
        "rev": "e36db00dfb3a3d3fdcc4069cb292ff60d2699ccb",
        "type": "github"
      },
      "original": {
        "owner": "hyprwm",
        "repo": "hyprutils",
        "type": "github"
      }
    },
    "hyprwayland-scanner": {
      "inputs": {
        "nixpkgs": [
          "hyprland",
          "nixpkgs"
        ],
        "systems": [
          "hyprland",
          "systems"
        ]
      },
      "locked": {
        "lastModified": 1750371869,
        "narHash": "sha256-lGk4gLjgZQ/rndUkzmPYcgbHr8gKU5u71vyrjnwfpB4=",
        "owner": "hyprwm",
        "repo": "hyprwayland-scanner",
        "rev": "aa38edd6e3e277ae6a97ea83a69261a5c3aab9fd",
        "type": "github"
      },
      "original": {
        "owner": "hyprwm",
        "repo": "hyprwayland-scanner",
        "type": "github"
      }
    },
    "hyprwayland-scanner_2": {
      "inputs": {
        "nixpkgs": [
          "hyprpicker",
          "nixpkgs"
        ],
        "systems": [
          "hyprpicker",
          "systems"
        ]
      },
      "locked": {
        "lastModified": 1749145760,
        "narHash": "sha256-IHaGWpGrv7seFWdw/1A+wHtTsPlOGIKMrk1TUIYJEFI=",
        "owner": "hyprwm",
        "repo": "hyprwayland-scanner",
        "rev": "817918315ea016cc2d94004bfb3223b5fd9dfcc6",
        "type": "github"
      },
      "original": {
        "owner": "hyprwm",
        "repo": "hyprwayland-scanner",
        "type": "github"
      }
    },
    "lib-aggregate": {
      "inputs": {
        "flake-utils": "flake-utils",
        "nixpkgs-lib": "nixpkgs-lib"
      },
      "locked": {
        "lastModified": 1751199295,
        "narHash": "sha256-MSQbJd3hSogr6Xu55wsDIaA7GFZfG9Im7bCmoLmrcfo=",
        "owner": "nix-community",
        "repo": "lib-aggregate",
        "rev": "03847f95c54ddc6fe0628568b1c8fab43b3cff60",
        "type": "github"
      },
      "original": {
        "owner": "nix-community",
        "repo": "lib-aggregate",
        "type": "github"
      }
    },
    "nixpkgs": {
      "locked": {
        "lastModified": 1750776420,
        "narHash": "sha256-/CG+w0o0oJ5itVklOoLbdn2dGB0wbZVOoDm4np6w09A=",
        "owner": "NixOS",
        "repo": "nixpkgs",
        "rev": "30a61f056ac492e3b7cdcb69c1e6abdcf00e39cf",
        "type": "github"
      },
      "original": {
        "owner": "NixOS",
        "ref": "nixos-unstable",
        "repo": "nixpkgs",
        "type": "github"
      }
    },
    "nixpkgs-lib": {
      "locked": {
        "lastModified": 1751159883,
        "narHash": "sha256-urW/Ylk9FIfvXfliA1ywh75yszAbiTEVgpPeinFyVZo=",
        "owner": "nix-community",
        "repo": "nixpkgs.lib",
        "rev": "14a40a1d7fb9afa4739275ac642ed7301a9ba1ab",
        "type": "github"
      },
      "original": {
        "owner": "nix-community",
        "repo": "nixpkgs.lib",
        "type": "github"
      }
    },
    "nixpkgs-stable": {
      "locked": {
        "lastModified": 1720535198,
        "narHash": "sha256-zwVvxrdIzralnSbcpghA92tWu2DV2lwv89xZc8MTrbg=",
        "owner": "NixOS",
        "repo": "nixpkgs",
        "rev": "205fd4226592cc83fd4c0885a3e4c9c400efabb5",
        "type": "github"
      },
      "original": {
        "owner": "NixOS",
        "ref": "nixos-23.11",
        "repo": "nixpkgs",
        "type": "github"
      }
    },
    "nixpkgs_2": {
      "locked": {
        "lastModified": 1751271578,
        "narHash": "sha256-P/SQmKDu06x8yv7i0s8bvnnuJYkxVGBWLWHaU+tt4YY=",
        "owner": "NixOS",
        "repo": "nixpkgs",
        "rev": "3016b4b15d13f3089db8a41ef937b13a9e33a8df",
        "type": "github"
      },
      "original": {
        "owner": "NixOS",
        "ref": "nixos-unstable",
        "repo": "nixpkgs",
        "type": "github"
      }
    },
    "pre-commit-hooks": {
      "inputs": {
        "flake-compat": "flake-compat_2",
        "gitignore": "gitignore",
        "nixpkgs": [
          "hyprland",
          "nixpkgs"
        ]
      },
      "locked": {
        "lastModified": 1750779888,
        "narHash": "sha256-wibppH3g/E2lxU43ZQHC5yA/7kIKLGxVEnsnVK1BtRg=",
        "owner": "cachix",
        "repo": "git-hooks.nix",
        "rev": "16ec914f6fb6f599ce988427d9d94efddf25fe6d",
        "type": "github"
      },
      "original": {
        "owner": "cachix",
        "repo": "git-hooks.nix",
        "type": "github"
      }
    },
    "root": {
      "inputs": {
        "ags": "ags",
        "catppuccin": "catppuccin",
        "emacs-overlay": "emacs-overlay",
        "firefox": "firefox",
        "home-manager": "home-manager",
        "hyprland": "hyprland",
        "hyprland-contrib": "hyprland-contrib",
        "hyprland-plugins": "hyprland-plugins",
        "hyprpicker": "hyprpicker",
        "nixpkgs": "nixpkgs_2",
        "nixpkgs-stable": "nixpkgs-stable",
        "sops-nix": "sops-nix",
        "swww": "swww",
        "zen-browser": "zen-browser"
      }
    },
    "rust-overlay": {
      "inputs": {
        "nixpkgs": [
          "swww",
          "nixpkgs"
        ]
      },
      "locked": {
        "lastModified": 1750646674,
        "narHash": "sha256-gHg6QUjMi1ObrocQUAoEhhbIfop14UNae4QDSHoKsRU=",
        "owner": "oxalica",
        "repo": "rust-overlay",
        "rev": "65162ae665154e0eddb395166bd4956358981dd0",
        "type": "github"
      },
      "original": {
        "owner": "oxalica",
        "repo": "rust-overlay",
        "type": "github"
      }
    },
    "sops-nix": {
      "inputs": {
        "nixpkgs": [
          "nixpkgs"
        ]
      },
      "locked": {
        "lastModified": 1750119275,
        "narHash": "sha256-Rr7Pooz9zQbhdVxux16h7URa6mA80Pb/G07T4lHvh0M=",
        "owner": "Mic92",
        "repo": "sops-nix",
        "rev": "77c423a03b9b2b79709ea2cb63336312e78b72e2",
        "type": "github"
      },
      "original": {
        "owner": "Mic92",
        "repo": "sops-nix",
        "type": "github"
      }
    },
    "swww": {
      "inputs": {
        "flake-compat": "flake-compat_3",
        "nixpkgs": [
          "nixpkgs"
        ],
        "rust-overlay": "rust-overlay"
      },
      "locked": {
        "lastModified": 1750693076,
        "narHash": "sha256-+sdV7NFueCeBLrsl7lrqzlG5tPNqDe/zlcIb8TYxQl8=",
        "owner": "LGFae",
        "repo": "swww",
        "rev": "805a355da574fed46e664606660e2499f02e2174",
        "type": "github"
      },
      "original": {
        "owner": "LGFae",
        "repo": "swww",
        "type": "github"
      }
    },
    "systems": {
      "locked": {
        "lastModified": 1681028828,
        "narHash": "sha256-Vy1rq5AaRuLzOxct8nz4T6wlgyUR7zLU309k9mBC768=",
        "owner": "nix-systems",
        "repo": "default",
        "rev": "da67096a3b9bf56a91d16901293e51ba5b49a27e",
        "type": "github"
      },
      "original": {
        "owner": "nix-systems",
        "repo": "default",
        "type": "github"
      }
    },
    "systems_2": {
      "locked": {
        "lastModified": 1689347949,
        "narHash": "sha256-12tWmuL2zgBgZkdoB6qXZsgJEH9LR3oUgpaQq2RbI80=",
        "owner": "nix-systems",
        "repo": "default-linux",
        "rev": "31732fcf5e8fea42e59c2488ad31a0e651500f68",
        "type": "github"
      },
      "original": {
        "owner": "nix-systems",
        "repo": "default-linux",
        "type": "github"
      }
    },
    "systems_3": {
      "locked": {
        "lastModified": 1689347949,
        "narHash": "sha256-12tWmuL2zgBgZkdoB6qXZsgJEH9LR3oUgpaQq2RbI80=",
        "owner": "nix-systems",
        "repo": "default-linux",
        "rev": "31732fcf5e8fea42e59c2488ad31a0e651500f68",
        "type": "github"
      },
      "original": {
        "owner": "nix-systems",
        "repo": "default-linux",
        "type": "github"
      }
    },
    "xdph": {
      "inputs": {
        "hyprland-protocols": [
          "hyprland",
          "hyprland-protocols"
        ],
        "hyprlang": [
          "hyprland",
          "hyprlang"
        ],
        "hyprutils": [
          "hyprland",
          "hyprutils"
        ],
        "hyprwayland-scanner": [
          "hyprland",
          "hyprwayland-scanner"
        ],
        "nixpkgs": [
          "hyprland",
          "nixpkgs"
        ],
        "systems": [
          "hyprland",
          "systems"
        ]
      },
      "locked": {
        "lastModified": 1750372504,
        "narHash": "sha256-VBeZb1oqZM1cqCAZnFz/WyYhO8aF/ImagI7WWg/Z3Og=",
        "owner": "hyprwm",
        "repo": "xdg-desktop-portal-hyprland",
        "rev": "400308fc4f9d12e0a93e483c2e7a649e12af1a92",
        "type": "github"
      },
      "original": {
        "owner": "hyprwm",
        "repo": "xdg-desktop-portal-hyprland",
        "type": "github"
      }
    },
    "zen-browser": {
      "inputs": {
        "nixpkgs": [
          "nixpkgs"
        ]
      },
      "locked": {
        "lastModified": 1751256876,
        "narHash": "sha256-4A8LmE0Hd9RvQwSEPYdITJebpLt7J99VY76IphzqZKc=",
        "owner": "youwen5",
        "repo": "zen-browser-flake",
        "rev": "615b9244dc7ac777b8f0bc3a9cb7290936e4fcf9",
        "type": "github"
      },
      "original": {
        "owner": "youwen5",
        "repo": "zen-browser-flake",
        "type": "github"
      }
    }
  },
  "root": "root",
  "version": 7
}
